lockfileVersion: '6.0'

settings:
  autoInstallPeers: true
  excludeLinksFromLockfile: false

dependencies:
  chroma-js:
    specifier: ^3.1.2
    version: 3.1.2
  fluent-ffmpeg:
    specifier: ^2.1.3
    version: 2.1.3
  midi-json-parser:
    specifier: ^8.1.56
    version: 8.1.56
  midi-json-parser-worker:
    specifier: ^8.1.50
    version: 8.1.50
  tonal:
    specifier: ^6.3.0
    version: 6.3.0

devDependencies:
  '@types/fluent-ffmpeg':
    specifier: ^2.1.27
    version: 2.1.27
  '@types/node':
    specifier: ^22.8.6
    version: 22.8.6
  typescript:
    specifier: ^5.6.3
    version: 5.6.3

packages:

  /@babel/runtime@7.26.0:
    resolution: {integrity: sha512-FDSOghenHTiToteC/QRlv2q3DhPZ/oOXTBoirfWNx1Cx3TMVcGWQtMMmQcSvb/JjpNeGzx8Pq/b4fKEJuWm1sw==}
    engines: {node: '>=6.9.0'}
    dependencies:
      regenerator-runtime: 0.14.1
    dev: false

  /@tonaljs/abc-notation@4.9.0:
    resolution: {integrity: sha512-G52FHXNcIbZldoY1LlkXshD5nZqh/VylLCxPlXkx3Fikbn2UZqQ1uK+me8PjJltCCKmNI7M+DkHdh5oBK5CzVw==}
    dependencies:
      '@tonaljs/pitch-distance': 5.0.4
      '@tonaljs/pitch-note': 6.0.0
    dev: false

  /@tonaljs/array@4.8.3:
    resolution: {integrity: sha512-TeX5vqk61EhlRAIo70d0hKt3a0FEcROsu9ETtTclXl+qaQ1QtEEs0M+B46IZ+sQo5T3s8vtz5z1yCiK26HPr5A==}
    dependencies:
      '@tonaljs/pitch-note': 6.0.0
    dev: false

  /@tonaljs/chord-detect@4.9.0:
    resolution: {integrity: sha512-ixlPHjntvcGbcHbIsTNEO8KKSDd2vM8IXVvVAbM8ZXldFHCjejCBQ0nyMPDxY3uzepLALFqBwXfkxF/injsTRw==}
    dependencies:
      '@tonaljs/chord-type': 5.1.0
      '@tonaljs/pcset': 4.10.0
      '@tonaljs/pitch-note': 6.0.0
    dev: false

  /@tonaljs/chord-type@5.1.0:
    resolution: {integrity: sha512-39/SRnhgvElvWHQH1mkOxkQvDodz7HRkPeIL2rjFV3JL57ve38Ws+y9bjbkKCbD474jF0SQ9V+Xga3d/Mccz5g==}
    dependencies:
      '@tonaljs/pcset': 4.10.0
    dev: false

  /@tonaljs/chord@6.1.0:
    resolution: {integrity: sha512-Eybaqaox4ukBO3FDQ7x3FLCdq3Gco0YIAFlxtL1fjdlULa1kJL7IVvZND5oVGIBIExI2JLODExyxy054rfZGvw==}
    dependencies:
      '@tonaljs/chord-detect': 4.9.0
      '@tonaljs/chord-type': 5.1.0
      '@tonaljs/collection': 4.9.0
      '@tonaljs/interval': 5.1.0
      '@tonaljs/pcset': 4.10.0
      '@tonaljs/pitch-distance': 5.0.4
      '@tonaljs/pitch-note': 6.0.0
      '@tonaljs/scale-type': 4.9.0
    dev: false

  /@tonaljs/collection@4.9.0:
    resolution: {integrity: sha512-Mk0h7O54nT6PgNVcUYauzxa5KOB23+0AOKudWzRH7JhJIN9vhVIC7PtwZXE+/G051UTbHSFIcN/afkgF4nB/8A==}
    dev: false

  /@tonaljs/core@5.0.1:
    resolution: {integrity: sha512-usFeVQhAl2WvXt2AyjAAs6CRicGgr1PIw94sEGaUIIrp1o1h6tU5329nRjrruEFEVmgv5ztL6vsk/rYJt+vOGA==}
    dependencies:
      '@tonaljs/pitch': 5.0.2
      '@tonaljs/pitch-distance': 5.0.4
      '@tonaljs/pitch-interval': 6.0.0
      '@tonaljs/pitch-note': 6.0.0
    dev: false

  /@tonaljs/duration-value@4.9.0:
    resolution: {integrity: sha512-Muz54HyIe0nMYKWx6wyTa4y17ma29DtpJF4/oqJphy6A124rAVDe/SKit8JGOvDYAQj71FUXqs17sXBxO/ExVw==}
    dev: false

  /@tonaljs/interval@5.1.0:
    resolution: {integrity: sha512-GR9dUjn0j7yhjwjRh8HQxZYXOiVl05WfY3AFyMB9rfg807K4dSJmWfPTULPQXyHJ6NiZOPXcwRs8MxMLDxgdbg==}
    dependencies:
      '@tonaljs/pitch': 5.0.2
      '@tonaljs/pitch-distance': 5.0.4
      '@tonaljs/pitch-interval': 6.0.0
    dev: false

  /@tonaljs/key@4.11.0:
    resolution: {integrity: sha512-ZnuKdoiUMwgG2FDM1/OnXsqASSR6J1fpyZpX0ZNwMtlpEIPhvOkLqzrCH1DOIyxWQ1iqcoK6DZNPCxzWiowdIA==}
    dependencies:
      '@tonaljs/note': 4.11.0
      '@tonaljs/pitch-note': 6.0.0
      '@tonaljs/roman-numeral': 4.9.0
    dev: false

  /@tonaljs/midi@4.10.0:
    resolution: {integrity: sha512-LjwEzcBwJSNMLD+qDwVBWvkmIOAs59TPdlTQlooP3S1Au0jy7T+bZeIbBKtLEcDG14S2zyYZEZ1Mo+cxcumMmg==}
    dependencies:
      '@tonaljs/pitch-note': 6.0.0
    dev: false

  /@tonaljs/mode@4.9.0:
    resolution: {integrity: sha512-e1MtDfEMZPcWOuaKW2wbgisAmeptTZq1UDm4RU03inqgggnpsiaJC/NI9sbmTdO4XtAL/JGPgSxm4uB5KWxx8w==}
    dependencies:
      '@tonaljs/collection': 4.9.0
      '@tonaljs/interval': 5.1.0
      '@tonaljs/pcset': 4.10.0
      '@tonaljs/pitch-distance': 5.0.4
      '@tonaljs/pitch-note': 6.0.0
      '@tonaljs/scale-type': 4.9.0
    dev: false

  /@tonaljs/note@4.11.0:
    resolution: {integrity: sha512-KJjtMaJ4Bc0wquFlKFDHk6RBrzHwHPgSvklqWSmhgxbklqQt+70wPn5RVwcJqNc5qnmZce+uvATwl+QVBXMCLQ==}
    dependencies:
      '@tonaljs/midi': 4.10.0
      '@tonaljs/pitch': 5.0.2
      '@tonaljs/pitch-distance': 5.0.4
      '@tonaljs/pitch-interval': 6.0.0
      '@tonaljs/pitch-note': 6.0.0
    dev: false

  /@tonaljs/pcset@4.10.0:
    resolution: {integrity: sha512-kGiGDpN/fhJGJoILnNJIQqt2vpk8EkcXFtRvs3PaDfaMphtQ7Hd03d2zIhcEEShbCtaXUSeSwbCepwoGqt4WRw==}
    dependencies:
      '@tonaljs/collection': 4.9.0
      '@tonaljs/pitch': 5.0.2
      '@tonaljs/pitch-distance': 5.0.4
      '@tonaljs/pitch-interval': 6.0.0
      '@tonaljs/pitch-note': 6.0.0
    dev: false

  /@tonaljs/pitch-distance@5.0.4:
    resolution: {integrity: sha512-c/Q/QpU0pE5QMxhf7VfP4p7C+gf5YfGt5mkwgMyQgpGNFSwQrKPPWSrWzArrFjJzejabUlDMREQyRU+Wj50iOQ==}
    dependencies:
      '@tonaljs/pitch': 5.0.2
      '@tonaljs/pitch-interval': 6.0.0
      '@tonaljs/pitch-note': 6.0.0
    dev: false

  /@tonaljs/pitch-interval@6.0.0:
    resolution: {integrity: sha512-0iaFWbgshYWjfmdxzF8jNmTqsNK2krwn+FqDRZb8vEsfaSNC8Jek0f5wYcE2to+7f0P5jJlJnj8CUGvlfKIT5A==}
    dependencies:
      '@tonaljs/pitch': 5.0.2
    dev: false

  /@tonaljs/pitch-note@6.0.0:
    resolution: {integrity: sha512-m4Ei7zwSsKwotVfnodA7m1SR7zD5NNIea+V7Mo35EcK32ZJBg+SvxdwgfNNdLO8bkDbVrZIgVYqeP3R3Jq7VFQ==}
    dependencies:
      '@tonaljs/pitch': 5.0.2
    dev: false

  /@tonaljs/pitch@5.0.2:
    resolution: {integrity: sha512-mxaXJPPe+LIJdjzpZEl8I8Wx3dEvlzkBbsr2Ltwc2dTAdnErAZ5R0TxVq2egF27lMvQN2QPQPWI9iDPPdVUmrg==}
    dev: false

  /@tonaljs/progression@4.9.0:
    resolution: {integrity: sha512-Pe9gp9o4af7uN7sSbA588ImVn9A31mjCD1t2gjHYEDve+q+S33juBurUkdwiJBI3mPWMPPCtSxucZI/nrAiYDA==}
    dependencies:
      '@tonaljs/chord': 6.1.0
      '@tonaljs/pitch-distance': 5.0.4
      '@tonaljs/pitch-interval': 6.0.0
      '@tonaljs/pitch-note': 6.0.0
      '@tonaljs/roman-numeral': 4.9.0
    dev: false

  /@tonaljs/range@4.9.0:
    resolution: {integrity: sha512-ir8MN6F89lmoNjfdTbr0evZUjFQp6cAxMzFckf1KBKnjvVulinRWAW//VHgZ7EdNGkLKDCfdT/F5GKEGlj6KnQ==}
    dependencies:
      '@tonaljs/collection': 4.9.0
      '@tonaljs/midi': 4.10.0
    dev: false

  /@tonaljs/rhythm-pattern@1.0.0:
    resolution: {integrity: sha512-3hp4Yw49e6BTWApRNb7arJ6HiICsHRFZYijuPE+vR93lIo9+lxcOMh0OPc4DyupTN7cvFTSB70Z7B/IeEJxhCQ==}
    dev: false

  /@tonaljs/roman-numeral@4.9.0:
    resolution: {integrity: sha512-kegMCXUcLpdSSTI7YoU49kWv5DwVAkpyZAz6svYKtP1Vdjt4+q8c5hjSupM8QH4chQBNElRzqhZRgx90sMc/fw==}
    dependencies:
      '@tonaljs/pitch': 5.0.2
      '@tonaljs/pitch-interval': 6.0.0
      '@tonaljs/pitch-note': 6.0.0
    dev: false

  /@tonaljs/scale-type@4.9.0:
    resolution: {integrity: sha512-8kp71+gLAgKkLKd78SrLbP9eUdt1xKY/1uchgG7vyL4itMixMo/3l+WRKcvb0+gX2+AM2/E+xeCjxrRU5jaVpw==}
    dependencies:
      '@tonaljs/pcset': 4.10.0
    dev: false

  /@tonaljs/scale@4.13.0:
    resolution: {integrity: sha512-eCOoJlnjW542hCeW7yN61TEZkm7HTbBqdrug3Qx61o62tlwSwJF/nY00XgaTxWFpJFb9HEqAKuD7EUleqBnTYw==}
    dependencies:
      '@tonaljs/chord-type': 5.1.0
      '@tonaljs/collection': 4.9.0
      '@tonaljs/note': 4.11.0
      '@tonaljs/pcset': 4.10.0
      '@tonaljs/pitch-distance': 5.0.4
      '@tonaljs/pitch-note': 6.0.0
      '@tonaljs/scale-type': 4.9.0
    dev: false

  /@tonaljs/time-signature@4.9.0:
    resolution: {integrity: sha512-zRo8CBqg/2guzTlF2vxyVIuB5gmwWQaxlknJPUSDII8CTdQ/x3a1LlNoMKkvTUnqwCihe3WrNPZ5XUfOOTthYA==}
    dev: false

  /@tonaljs/voice-leading@5.1.0:
    resolution: {integrity: sha512-DKN0cRlnAV0xjpt2SltUPDP350zqkl1y7q3alAZzAs4yAnSM8Jb7b3UPljzDRQ3qo/ZAK8Za9VF77A/hw12Erg==}
    dependencies:
      '@tonaljs/note': 4.11.0
    dev: false

  /@tonaljs/voicing-dictionary@5.1.0:
    resolution: {integrity: sha512-3DimGhJPrJQx89tsv2u1Mn24egVQrSo2C3mUHug2I8QjVx9vUqls4LdWmudeeFTJYubt+QuQjHLt0YCFQ4B+gA==}
    dependencies:
      '@tonaljs/chord': 6.1.0
      '@tonaljs/note': 4.11.0
      '@tonaljs/voice-leading': 5.1.0
    dev: false

  /@tonaljs/voicing@5.1.0:
    resolution: {integrity: sha512-AU45W1PmY6jm+HLdFXDmyrPNTewgK/cOM4OUKZ7CzKGvBkk278yZIXII90/BnvoTIjnAQ7WFz8uodXS8DsWxKw==}
    dependencies:
      '@tonaljs/chord': 6.1.0
      '@tonaljs/interval': 5.1.0
      '@tonaljs/note': 4.11.0
      '@tonaljs/range': 4.9.0
      '@tonaljs/voice-leading': 5.1.0
      '@tonaljs/voicing-dictionary': 5.1.0
    dev: false

  /@types/fluent-ffmpeg@2.1.27:
    resolution: {integrity: sha512-QiDWjihpUhriISNoBi2hJBRUUmoj/BMTYcfz+F+ZM9hHWBYABFAE6hjP/TbCZC0GWwlpa3FzvHH9RzFeRusZ7A==}
    dependencies:
      '@types/node': 22.8.6
    dev: true

  /@types/node@22.8.6:
    resolution: {integrity: sha512-tosuJYKrIqjQIlVCM4PEGxOmyg3FCPa/fViuJChnGeEIhjA46oy8FMVoF9su1/v8PNs2a8Q0iFNyOx0uOF91nw==}
    dependencies:
      undici-types: 6.19.8
    dev: true

  /async@0.2.10:
    resolution: {integrity: sha512-eAkdoKxU6/LkKDBzLpT+t6Ff5EtfSF4wx1WfJiPEEV7WNLnDaRXk0oVysiEPm262roaachGexwUv94WhSgN5TQ==}
    dev: false

  /broker-factory@3.0.107:
    resolution: {integrity: sha512-ezlP7v08JM6R6M6fGAf1jeShyLKNAoXSw5fJB5/xXniGxGk83/xeDPDwUbaokow+t1o5+x/uHpE47YEhtayqRw==}
    dependencies:
      '@babel/runtime': 7.26.0
      fast-unique-numbers: 9.0.14
      tslib: 2.8.1
      worker-factory: 7.0.34
    dev: false

  /chroma-js@3.1.2:
    resolution: {integrity: sha512-IJnETTalXbsLx1eKEgx19d5L6SRM7cH4vINw/99p/M11HCuXGRWL+6YmCm7FWFGIo6dtWuQoQi1dc5yQ7ESIHg==}
    dev: false

  /fast-unique-numbers@9.0.14:
    resolution: {integrity: sha512-UyRRMWsvgTfawWMoxmqdRshB32JiSAvyv1SM0LT1CXUShPQ8PXG7euhiKoBbIUzRkvibrktqsYh9bzgkzZ/mww==}
    engines: {node: '>=18.2.0'}
    dependencies:
      '@babel/runtime': 7.26.0
      tslib: 2.8.1
    dev: false

  /fluent-ffmpeg@2.1.3:
    resolution: {integrity: sha512-Be3narBNt2s6bsaqP6Jzq91heDgOEaDCJAXcE3qcma/EJBSy5FB4cvO31XBInuAuKBx8Kptf8dkhjK0IOru39Q==}
    engines: {node: '>=18'}
    dependencies:
      async: 0.2.10
      which: 1.3.1
    dev: false

  /isexe@2.0.0:
    resolution: {integrity: sha512-RHxMLp9lnKHGHRng9QFhRCMbYAcVpn69smSGcq3f36xjgVVWThj4qqLbTLlq7Ssj8B+fIQ1EuCEGI2lKsyQeIw==}
    dev: false

  /midi-json-parser-broker@4.0.115:
    resolution: {integrity: sha512-8QEqkDrpgogF4EHin48f+Ss64/mF7DivIQbIsNon1fO3I+S1nc3smqtnCIH5q232ItD3yWmNAekAtIHzeBKuMw==}
    dependencies:
      '@babel/runtime': 7.26.0
      broker-factory: 3.0.107
      midi-json-parser-worker: 8.1.50
      tslib: 2.8.1
    dev: false

  /midi-json-parser-worker@8.1.50:
    resolution: {integrity: sha512-5bbtY9EhC3FucCzBtmFYoLyD/C50DuAv9UNrie6RcG7TRe47btNrfaYDgdz1WmTUTJwtThQLvimx180IlisE4g==}
    dependencies:
      '@babel/runtime': 7.26.0
      tslib: 2.8.1
      worker-factory: 7.0.34
    dev: false

  /midi-json-parser@8.1.56:
    resolution: {integrity: sha512-6zqpascUDRFYMZb+82YrPWZhIQg06VXqF1eNDdz0bfKoTQVWegpRVVqBfbCxYDvmkbtDzcYMNY5LVH2IHqWc0A==}
    dependencies:
      '@babel/runtime': 7.26.0
      midi-json-parser-broker: 4.0.115
      midi-json-parser-worker: 8.1.50
      tslib: 2.8.1
    dev: false

  /regenerator-runtime@0.14.1:
    resolution: {integrity: sha512-dYnhHh0nJoMfnkZs6GmmhFknAGRrLznOu5nc9ML+EJxGvrx6H7teuevqVqCuPcPK//3eDrrjQhehXVx9cnkGdw==}
    dev: false

  /tonal@6.3.0:
    resolution: {integrity: sha512-wLxWn5xgQ/IAeI8PaoTPevIPFYei6IdQbPFCEW0TsZX3JuG2ILKnl3Ex0ZS+eL9jpas9cKb1mSJ1JgAqJnX4VA==}
    dependencies:
      '@tonaljs/abc-notation': 4.9.0
      '@tonaljs/array': 4.8.3
      '@tonaljs/chord': 6.1.0
      '@tonaljs/chord-type': 5.1.0
      '@tonaljs/collection': 4.9.0
      '@tonaljs/core': 5.0.1
      '@tonaljs/duration-value': 4.9.0
      '@tonaljs/interval': 5.1.0
      '@tonaljs/key': 4.11.0
      '@tonaljs/midi': 4.10.0
      '@tonaljs/mode': 4.9.0
      '@tonaljs/note': 4.11.0
      '@tonaljs/pcset': 4.10.0
      '@tonaljs/progression': 4.9.0
      '@tonaljs/range': 4.9.0
      '@tonaljs/rhythm-pattern': 1.0.0
      '@tonaljs/roman-numeral': 4.9.0
      '@tonaljs/scale': 4.13.0
      '@tonaljs/scale-type': 4.9.0
      '@tonaljs/time-signature': 4.9.0
      '@tonaljs/voice-leading': 5.1.0
      '@tonaljs/voicing': 5.1.0
      '@tonaljs/voicing-dictionary': 5.1.0
    dev: false

  /tslib@2.8.1:
    resolution: {integrity: sha512-oJFu94HQb+KVduSUQL7wnpmqnfmLsOA/nAh6b6EH0wCEoK0/mPeXU6c3wKDV83MkOuHPRHtSXKKU99IBazS/2w==}
    dev: false

  /typescript@5.6.3:
    resolution: {integrity: sha512-hjcS1mhfuyi4WW8IWtjP7brDrG2cuDZukyrYrSauoXGNgx0S7zceP07adYkJycEr56BOUTNPzbInooiN3fn1qw==}
    engines: {node: '>=14.17'}
    hasBin: true
    dev: true

  /undici-types@6.19.8:
    resolution: {integrity: sha512-ve2KP6f/JnbPBFyobGHuerC9g1FYGn/F8n1LWTwNxCEzd6IfqTwUQcNXgEtmmQ6DlRrC1hrSrBnCZPokRrDHjw==}
    dev: true

  /which@1.3.1:
    resolution: {integrity: sha512-HxJdYWq1MTIQbJ3nw0cqssHoTNU267KlrDuGZ1WYlxDStUtKUhOaJmh112/TZmHxxUfuJqPXSOm7tDyas0OSIQ==}
    hasBin: true
    dependencies:
      isexe: 2.0.0
    dev: false

  /worker-factory@7.0.34:
    resolution: {integrity: sha512-Li/V2KNVJmcXjURgIB3iktmpT6+VJjQorGsp9JgOKljpEfCn+5YtM/uWYuhYocBBUTQpOwa4dy7wS1Fs01bIAQ==}
    dependencies:
      '@babel/runtime': 7.26.0
      fast-unique-numbers: 9.0.14
      tslib: 2.8.1
    dev: false
